
Microsoft Visual Studio Solution File, Format Version 12.00
# Visual Studio Version 16
VisualStudioVersion = 16.0.31205.134
MinimumVisualStudioVersion = 10.0.40219.1
Project("{FAE04EC0-301F-11D3-BF4B-00C04F79EFBC}") = "TestDemo", "TestDemo.csproj", "{EFCEB0AB-5AFD-42BD-B374-EF1A29657B92}"
EndProject
Global
	GlobalSection(SolutionConfigurationPlatforms) = preSolution
		Debug|Any CPU = Debug|Any CPU
		Release|Any CPU = Release|Any CPU
	EndGlobalSection
	GlobalSection(ProjectConfigurationPlatforms) = postSolution
		{EFCEB0AB-5AFD-42BD-B374-EF1A29657B92}.Debug|Any CPU.ActiveCfg = Debug|Any CPU
		{EFCEB0AB-5AFD-42BD-B374-EF1A29657B92}.Debug|Any CPU.Build.0 = Debug|Any CPU
		{EFCEB0AB-5AFD-42BD-B374-EF1A29657B92}.Release|Any CPU.ActiveCfg = Release|Any CPU
		{EFCEB0AB-5AFD-42BD-B374-EF1A29657B92}.Release|Any CPU.Build.0 = Release|Any CPU
	EndGlobalSection
	GlobalSection(SolutionProperties) = preSolution
		HideSolutionNode = FALSE
	EndGlobalSection
	GlobalSection(ExtensibilityGlobals) = postSolution
		SolutionGuid = {5ED54F99-D9C6-4F3F-93C9-BF7CC628B3A4}
	EndGlobalSection
EndGlobal
